
Microsoft Visual Studio Solution File, Format Version 12.00
# Visual Studio 2013
VisualStudioVersion = 12.0.21005.1
MinimumVisualStudioVersion = 10.0.40219.1
Project("{FAE04EC0-301F-11D3-BF4B-00C04F79EFBC}") = "REscraper", "REscraper\REscraper.csproj", "{FF88ED6F-FF45-4338-9B55-2E1D09959B2D}"
EndProject
Project("{FAE04EC0-301F-11D3-BF4B-00C04F79EFBC}") = "ForeclosureList", "ForeclosureList\ForeclosureList.csproj", "{7F4B0DDC-9D42-4C8C-BC7F-85E51EEFADD2}"
EndProject
Project("{FAE04EC0-301F-11D3-BF4B-00C04F79EFBC}") = "REconsole", "REconsole\REconsole.csproj", "{8FE7DC70-572A-4552-922D-A99991FDC6AF}"
EndProject
Global
	GlobalSection(SolutionConfigurationPlatforms) = preSolution
		Debug|Any CPU = Debug|Any CPU
		Release|Any CPU = Release|Any CPU
	EndGlobalSection
	GlobalSection(ProjectConfigurationPlatforms) = postSolution
		{FF88ED6F-FF45-4338-9B55-2E1D09959B2D}.Debug|Any CPU.ActiveCfg = Debug|Any CPU
		{FF88ED6F-FF45-4338-9B55-2E1D09959B2D}.Debug|Any CPU.Build.0 = Debug|Any CPU
		{FF88ED6F-FF45-4338-9B55-2E1D09959B2D}.Release|Any CPU.ActiveCfg = Release|Any CPU
		{FF88ED6F-FF45-4338-9B55-2E1D09959B2D}.Release|Any CPU.Build.0 = Release|Any CPU
		{7F4B0DDC-9D42-4C8C-BC7F-85E51EEFADD2}.Debug|Any CPU.ActiveCfg = Debug|Any CPU
		{7F4B0DDC-9D42-4C8C-BC7F-85E51EEFADD2}.Debug|Any CPU.Build.0 = Debug|Any CPU
		{7F4B0DDC-9D42-4C8C-BC7F-85E51EEFADD2}.Release|Any CPU.ActiveCfg = Release|Any CPU
		{7F4B0DDC-9D42-4C8C-BC7F-85E51EEFADD2}.Release|Any CPU.Build.0 = Release|Any CPU
		{8FE7DC70-572A-4552-922D-A99991FDC6AF}.Debug|Any CPU.ActiveCfg = Debug|Any CPU
		{8FE7DC70-572A-4552-922D-A99991FDC6AF}.Debug|Any CPU.Build.0 = Debug|Any CPU
		{8FE7DC70-572A-4552-922D-A99991FDC6AF}.Release|Any CPU.ActiveCfg = Release|Any CPU
		{8FE7DC70-572A-4552-922D-A99991FDC6AF}.Release|Any CPU.Build.0 = Release|Any CPU
	EndGlobalSection
	GlobalSection(SolutionProperties) = preSolution
		HideSolutionNode = FALSE
	EndGlobalSection
EndGlobal
